
Microsoft Visual Studio Solution File, Format Version 12.00
# Visual Studio Version 17
VisualStudioVersion = 17.3.32901.215
MinimumVisualStudioVersion = 10.0.40219.1
Project("{FAE04EC0-301F-11D3-BF4B-00C04F79EFBC}") = "BankAcProject2", "BankAcProject2\BankAcProject2.csproj", "{94EC31C1-6EDA-4E04-84C6-57322E3BD09E}"
EndProject
Global
	GlobalSection(SolutionConfigurationPlatforms) = preSolution
		Debug|Any CPU = Debug|Any CPU
		Release|Any CPU = Release|Any CPU
	EndGlobalSection
	GlobalSection(ProjectConfigurationPlatforms) = postSolution
		{94EC31C1-6EDA-4E04-84C6-57322E3BD09E}.Debug|Any CPU.ActiveCfg = Debug|Any CPU
		{94EC31C1-6EDA-4E04-84C6-57322E3BD09E}.Debug|Any CPU.Build.0 = Debug|Any CPU
		{94EC31C1-6EDA-4E04-84C6-57322E3BD09E}.Release|Any CPU.ActiveCfg = Release|Any CPU
		{94EC31C1-6EDA-4E04-84C6-57322E3BD09E}.Release|Any CPU.Build.0 = Release|Any CPU
	EndGlobalSection
	GlobalSection(SolutionProperties) = preSolution
		HideSolutionNode = FALSE
	EndGlobalSection
	GlobalSection(ExtensibilityGlobals) = postSolution
		SolutionGuid = {9C1C710E-41E5-4074-9811-107CFD599FFA}
	EndGlobalSection
EndGlobal
